
Microsoft Visual Studio Solution File, Format Version 12.00
# Visual Studio Version 16
VisualStudioVersion = 16.0.30804.86
MinimumVisualStudioVersion = 10.0.40219.1
Project("{FAE04EC0-301F-11D3-BF4B-00C04F79EFBC}") = "MCServerStarter", "MCServerStarter.csproj", "{927EA067-1F5A-4BFE-861D-8AC3D6E29FEF}"
EndProject
Global
	GlobalSection(SolutionConfigurationPlatforms) = preSolution
		Debug|Any CPU = Debug|Any CPU
		Release|Any CPU = Release|Any CPU
	EndGlobalSection
	GlobalSection(ProjectConfigurationPlatforms) = postSolution
		{927EA067-1F5A-4BFE-861D-8AC3D6E29FEF}.Debug|Any CPU.ActiveCfg = Debug|Any CPU
		{927EA067-1F5A-4BFE-861D-8AC3D6E29FEF}.Debug|Any CPU.Build.0 = Debug|Any CPU
		{927EA067-1F5A-4BFE-861D-8AC3D6E29FEF}.Release|Any CPU.ActiveCfg = Release|Any CPU
		{927EA067-1F5A-4BFE-861D-8AC3D6E29FEF}.Release|Any CPU.Build.0 = Release|Any CPU
	EndGlobalSection
	GlobalSection(SolutionProperties) = preSolution
		HideSolutionNode = FALSE
	EndGlobalSection
	GlobalSection(ExtensibilityGlobals) = postSolution
		SolutionGuid = {CC88147E-AADE-4E67-8CAB-FD5741FC5D87}
	EndGlobalSection
EndGlobal
